
Microsoft Visual Studio Solution File, Format Version 12.00
# Visual Studio Version 17
VisualStudioVersion = 17.7.34202.233
MinimumVisualStudioVersion = 10.0.40219.1
Project("{9A19103F-16F7-4668-BE54-9A1E7A4F7556}") = "MDS_PROJECT", "MDS_PROJECT.csproj", "{F3479347-E105-4D33-B746-5ED9EB056407}"
EndProject
Project("{FAE04EC0-301F-11D3-BF4B-00C04F79EFBC}") = "MDSTEST", "..\MDSTEST\MDSTEST.csproj", "{CEA1774C-4D8B-4A6A-8134-31A280B19B72}"
EndProject
Global
	GlobalSection(SolutionConfigurationPlatforms) = preSolution
		Debug|Any CPU = Debug|Any CPU
		Release|Any CPU = Release|Any CPU
	EndGlobalSection
	GlobalSection(ProjectConfigurationPlatforms) = postSolution
		{F3479347-E105-4D33-B746-5ED9EB056407}.Debug|Any CPU.ActiveCfg = Debug|Any CPU
		{F3479347-E105-4D33-B746-5ED9EB056407}.Debug|Any CPU.Build.0 = Debug|Any CPU
		{F3479347-E105-4D33-B746-5ED9EB056407}.Release|Any CPU.ActiveCfg = Release|Any CPU
		{F3479347-E105-4D33-B746-5ED9EB056407}.Release|Any CPU.Build.0 = Release|Any CPU
		{CEA1774C-4D8B-4A6A-8134-31A280B19B72}.Debug|Any CPU.ActiveCfg = Debug|Any CPU
		{CEA1774C-4D8B-4A6A-8134-31A280B19B72}.Debug|Any CPU.Build.0 = Debug|Any CPU
		{CEA1774C-4D8B-4A6A-8134-31A280B19B72}.Release|Any CPU.ActiveCfg = Release|Any CPU
		{CEA1774C-4D8B-4A6A-8134-31A280B19B72}.Release|Any CPU.Build.0 = Release|Any CPU
	EndGlobalSection
	GlobalSection(SolutionProperties) = preSolution
		HideSolutionNode = FALSE
	EndGlobalSection
	GlobalSection(ExtensibilityGlobals) = postSolution
		SolutionGuid = {F87DA8C3-2DD0-4490-886C-E2E6D15B22EF}
	EndGlobalSection
EndGlobal
